github.com/NielsDobbelaar/goUtils v0.0.0-20240604102856-bd35660427bf h1:FrO/UkIQX4yj30Js4eqmkmiEA0jsovQYuRjlTmUhU0c=
github.com/NielsDobbelaar/goUtils v0.0.0-20240604102856-bd35660427bf/go.mod h1:Zbll/wuKSxUpnpgDyXaEG9jSeJnvJdO8KhXdPtvcMyQ=
github.com/valyala/fastjson v1.6.4 h1:uAUNq9Z6ymTgGhcm0UynUAB6tlbakBrz6CQFax3BXVQ=
github.com/valyala/fastjson v1.6.4/go.mod h1:CLCAqky6SMuOcxStkYQvblddUtoRxhYMGLrsQns1aXY=
